{
  "name": "technicalwritingcourse",
  "version": "0.0.0",
  "lockfileVersion": 3,
  "requires": true,
  "packages": {
    "": {
      "name": "technicalwritingcourse",
      "version": "0.0.0",
      "hasInstallScript": true,
      "license": "MIT",
      "dependencies": {
        "@hyas/doks-core": "^1.3.0"
      },
      "engines": {
        "node": ">=16.12.0",
        "pnpm": ">=8.6.2"
      }
    },
    "node_modules/@hyas/bootstrap": {
      "version": "1.0.4",
      "resolved": "https://registry.npmjs.org/@hyas/bootstrap/-/bootstrap-1.0.4.tgz",
      "integrity": "sha512-yUl4AAdVIZm3BKxYUbrW8Ogbq9EbKcENP2tw+KSMncKiCXR7RG460iFzMvzcVmSw9xrqj9wwzzUTRIdhjPc1iA==",
      "dependencies": {
        "@popperjs/core": "^2.11.8",
        "bootstrap": "^5.3.2"
      },
      "engines": {
        "node": ">=16.12.0"
      }
    },
    "node_modules/@hyas/doks-core": {
      "version": "1.3.0",
      "resolved": "https://registry.npmjs.org/@hyas/doks-core/-/doks-core-1.3.0.tgz",
      "integrity": "sha512-AOCuTkrFskVG981KEQ31PVNuIEQHcRNy9DxCWFGujQbnSlSGpSxZXUAe/cPi/oiZQWYFPRxs34Di9N9dNNj7Wg==",
      "dependencies": {
        "@hyas/bootstrap": "^1.0.4",
        "clipboard": "^2.0.11",
        "flexsearch": "^0.7.34"
      },
      "engines": {
        "node": ">=16.12.0"
      }
    },
    "node_modules/@popperjs/core": {
      "version": "2.11.8",
      "resolved": "https://registry.npmjs.org/@popperjs/core/-/core-2.11.8.tgz",
      "integrity": "sha512-P1st0aksCrn9sGZhp8GMYwBnQsbvAWsZAX44oXNNvLHGqAOcoVxmjZiohstwQ7SqKnbR47akdNi+uleWD8+g6A==",
      "funding": {
        "type": "opencollective",
        "url": "https://opencollective.com/popperjs"
      }
    },
    "node_modules/bootstrap": {
      "version": "5.3.2",
      "resolved": "https://registry.npmjs.org/bootstrap/-/bootstrap-5.3.2.tgz",
      "integrity": "sha512-D32nmNWiQHo94BKHLmOrdjlL05q1c8oxbtBphQFb9Z5to6eGRDCm0QgeaZ4zFBHzfg2++rqa2JkqCcxDy0sH0g==",
      "funding": [
        {
          "type": "github",
          "url": "https://github.com/sponsors/twbs"
        },
        {
          "type": "opencollective",
          "url": "https://opencollective.com/bootstrap"
        }
      ],
      "peerDependencies": {
        "@popperjs/core": "^2.11.8"
      }
    },
    "node_modules/clipboard": {
      "version": "2.0.11",
      "resolved": "https://registry.npmjs.org/clipboard/-/clipboard-2.0.11.tgz",
      "integrity": "sha512-C+0bbOqkezLIsmWSvlsXS0Q0bmkugu7jcfMIACB+RDEntIzQIkdr148we28AfSloQLRdZlYL/QYyrq05j/3Faw==",
      "dependencies": {
        "good-listener": "^1.2.2",
        "select": "^1.1.2",
        "tiny-emitter": "^2.0.0"
      }
    },
    "node_modules/delegate": {
      "version": "3.2.0",
      "resolved": "https://registry.npmjs.org/delegate/-/delegate-3.2.0.tgz",
      "integrity": "sha512-IofjkYBZaZivn0V8nnsMJGBr4jVLxHDheKSW88PyxS5QC4Vo9ZbZVvhzlSxY87fVq3STR6r+4cGepyHkcWOQSw=="
    },
    "node_modules/flexsearch": {
      "version": "0.7.43",
      "resolved": "https://registry.npmjs.org/flexsearch/-/flexsearch-0.7.43.tgz",
      "integrity": "sha512-c5o/+Um8aqCSOXGcZoqZOm+NqtVwNsvVpWv6lfmSclU954O3wvQKxxK8zj74fPaSJbXpSLTs4PRhh+wnoCXnKg=="
    },
    "node_modules/good-listener": {
      "version": "1.2.2",
      "resolved": "https://registry.npmjs.org/good-listener/-/good-listener-1.2.2.tgz",
      "integrity": "sha512-goW1b+d9q/HIwbVYZzZ6SsTr4IgE+WA44A0GmPIQstuOrgsFcT7VEJ48nmr9GaRtNu0XTKacFLGnBPAM6Afouw==",
      "dependencies": {
        "delegate": "^3.1.2"
      }
    },
    "node_modules/select": {
      "version": "1.1.2",
      "resolved": "https://registry.npmjs.org/select/-/select-1.1.2.tgz",
      "integrity": "sha512-OwpTSOfy6xSs1+pwcNrv0RBMOzI39Lp3qQKUTPVVPRjCdNa5JH/oPRiqsesIskK8TVgmRiHwO4KXlV2Li9dANA=="
    },
    "node_modules/tiny-emitter": {
      "version": "2.1.0",
      "resolved": "https://registry.npmjs.org/tiny-emitter/-/tiny-emitter-2.1.0.tgz",
      "integrity": "sha512-NB6Dk1A9xgQPMoGqC5CVXn123gWyte215ONT5Pp5a0yt4nlEoO1ZWeCwpncaekPHXO60i47ihFnZPiRPjRMq4Q=="
    }
  }
}
